
Microsoft Visual Studio Solution File, Format Version 12.00
# Visual Studio Version 17
VisualStudioVersion = 17.0.31903.59
MinimumVisualStudioVersion = 10.0.40219.1
Project("{2150E333-8FDC-42A3-9474-1A3956D46DE8}") = "src", "src", "{85F9416A-7C83-4B9F-9731-861FE9C99C74}"
EndProject
Project("{FAE04EC0-301F-11D3-BF4B-00C04F79EFBC}") = "KnowledgeService", "src\KnowledgeService\KnowledgeService.csproj", "{D717235A-6F59-4293-8683-777AA6856438}"
EndProject
Global
	GlobalSection(SolutionConfigurationPlatforms) = preSolution
		Debug|Any CPU = Debug|Any CPU
		Release|Any CPU = Release|Any CPU
	EndGlobalSection
	GlobalSection(SolutionProperties) = preSolution
		HideSolutionNode = FALSE
	EndGlobalSection
	GlobalSection(ProjectConfigurationPlatforms) = postSolution
		{D717235A-6F59-4293-8683-777AA6856438}.Debug|Any CPU.ActiveCfg = Debug|Any CPU
		{D717235A-6F59-4293-8683-777AA6856438}.Debug|Any CPU.Build.0 = Debug|Any CPU
		{D717235A-6F59-4293-8683-777AA6856438}.Release|Any CPU.ActiveCfg = Release|Any CPU
		{D717235A-6F59-4293-8683-777AA6856438}.Release|Any CPU.Build.0 = Release|Any CPU
	EndGlobalSection
	GlobalSection(NestedProjects) = preSolution
		{D717235A-6F59-4293-8683-777AA6856438} = {85F9416A-7C83-4B9F-9731-861FE9C99C74}
	EndGlobalSection
EndGlobal
